
Microsoft Visual Studio Solution File, Format Version 12.00
# Visual Studio Version 17
VisualStudioVersion = 17.5.002.0
MinimumVisualStudioVersion = 10.0.40219.1
Project("{9A19103F-16F7-4668-BE54-9A1E7A4F7556}") = "CalculadoraDois", "CalculadoraDois.csproj", "{A8A15A89-B9C4-4976-9017-168C38FAE3EA}"
EndProject
Global
	GlobalSection(SolutionConfigurationPlatforms) = preSolution
		Debug|Any CPU = Debug|Any CPU
		Release|Any CPU = Release|Any CPU
	EndGlobalSection
	GlobalSection(ProjectConfigurationPlatforms) = postSolution
		{A8A15A89-B9C4-4976-9017-168C38FAE3EA}.Debug|Any CPU.ActiveCfg = Debug|Any CPU
		{A8A15A89-B9C4-4976-9017-168C38FAE3EA}.Debug|Any CPU.Build.0 = Debug|Any CPU
		{A8A15A89-B9C4-4976-9017-168C38FAE3EA}.Release|Any CPU.ActiveCfg = Release|Any CPU
		{A8A15A89-B9C4-4976-9017-168C38FAE3EA}.Release|Any CPU.Build.0 = Release|Any CPU
	EndGlobalSection
	GlobalSection(SolutionProperties) = preSolution
		HideSolutionNode = FALSE
	EndGlobalSection
	GlobalSection(ExtensibilityGlobals) = postSolution
		SolutionGuid = {64D95C44-86FE-49FC-B05E-0B33E386E5EB}
	EndGlobalSection
EndGlobal
